
Microsoft Visual Studio Solution File, Format Version 11.00
# Visual Studio 2010
Project("{FAE04EC0-301F-11D3-BF4B-00C04F79EFBC}") = "Assembly-CSharp", "Assembly-CSharp.csproj", "{827f070d-0485-3dd9-c822-d4db652d7a2f}"
EndProject
Project("{FAE04EC0-301F-11D3-BF4B-00C04F79EFBC}") = "Unity.XR.Interaction.Toolkit.Samples.StarterAssets", "Unity.XR.Interaction.Toolkit.Samples.StarterAssets.csproj", "{3f54b1f7-414c-903f-4f31-c14b5d40ba33}"
EndProject
Project("{FAE04EC0-301F-11D3-BF4B-00C04F79EFBC}") = "Assembly-CSharp-Editor", "Assembly-CSharp-Editor.csproj", "{af2ff4c8-0e26-8ce9-c74d-5d993ef767cd}"
EndProject
Global
	GlobalSection(SolutionConfigurationPlatforms) = preSolution
		Debug|Any CPU = Debug|Any CPU
	EndGlobalSection
	GlobalSection(ProjectConfigurationPlatforms) = postSolution
		{827f070d-0485-3dd9-c822-d4db652d7a2f}.Debug|Any CPU.ActiveCfg = Debug|Any CPU
		{827f070d-0485-3dd9-c822-d4db652d7a2f}.Debug|Any CPU.Build.0 = Debug|Any CPU
		{3f54b1f7-414c-903f-4f31-c14b5d40ba33}.Debug|Any CPU.ActiveCfg = Debug|Any CPU
		{3f54b1f7-414c-903f-4f31-c14b5d40ba33}.Debug|Any CPU.Build.0 = Debug|Any CPU
		{af2ff4c8-0e26-8ce9-c74d-5d993ef767cd}.Debug|Any CPU.ActiveCfg = Debug|Any CPU
		{af2ff4c8-0e26-8ce9-c74d-5d993ef767cd}.Debug|Any CPU.Build.0 = Debug|Any CPU
	EndGlobalSection
	GlobalSection(SolutionProperties) = preSolution
		HideSolutionNode = FALSE
	EndGlobalSection
EndGlobal
